DEPENDENCIES
  apt
  balanced-supervisor
    path: .
    metadata: true

GRAPH
  apt (2.3.8)
  balanced-supervisor (1.0.4)
    supervisor (~> 0.4.0)
  build-essential (2.0.0)
  python (1.4.6)
    build-essential (>= 0.0.0)
    yum-epel (>= 0.0.0)
  supervisor (0.4.11)
    python (>= 0.0.0)
  yum (3.1.4)
  yum-epel (0.3.4)
    yum (~> 3.0)
